
Microsoft Visual Studio Solution File, Format Version 12.00
# Visual Studio Version 16
VisualStudioVersion = 16.0.32929.386
MinimumVisualStudioVersion = 10.0.40219.1
Project("{FAE04EC0-301F-11D3-BF4B-00C04F79EFBC}") = "UpSchoolCRM.UILayer", "UpSchoolCRM.UILayer\UpSchoolCRM.UILayer.csproj", "{C5D04FA5-641E-4ABF-A2A2-DAFC959ABF78}"
EndProject
Project("{FAE04EC0-301F-11D3-BF4B-00C04F79EFBC}") = "CRMUpSchool.EntityLayer", "CRMUpSchool.EntityLayer\CRMUpSchool.EntityLayer.csproj", "{62F83C54-D9B8-4976-8D13-710CF46D146E}"
EndProject
Project("{FAE04EC0-301F-11D3-BF4B-00C04F79EFBC}") = "CRMUpSchool.BusinessLayer", "CRMUpSchool.BusinessLayer\CRMUpSchool.BusinessLayer.csproj", "{95782AC6-323D-4F3C-962F-D33FD244901B}"
EndProject
Project("{FAE04EC0-301F-11D3-BF4B-00C04F79EFBC}") = "CRMUpSchool.DataAccessLayer", "CRMUpSchool.DataAccessLayer\CRMUpSchool.DataAccessLayer.csproj", "{A10B2E02-2124-4702-8A94-16A935DBAF16}"
EndProject
Global
	GlobalSection(SolutionConfigurationPlatforms) = preSolution
		Debug|Any CPU = Debug|Any CPU
		Release|Any CPU = Release|Any CPU
	EndGlobalSection
	GlobalSection(ProjectConfigurationPlatforms) = postSolution
		{C5D04FA5-641E-4ABF-A2A2-DAFC959ABF78}.Debug|Any CPU.ActiveCfg = Debug|Any CPU
		{C5D04FA5-641E-4ABF-A2A2-DAFC959ABF78}.Debug|Any CPU.Build.0 = Debug|Any CPU
		{C5D04FA5-641E-4ABF-A2A2-DAFC959ABF78}.Release|Any CPU.ActiveCfg = Release|Any CPU
		{C5D04FA5-641E-4ABF-A2A2-DAFC959ABF78}.Release|Any CPU.Build.0 = Release|Any CPU
		{62F83C54-D9B8-4976-8D13-710CF46D146E}.Debug|Any CPU.ActiveCfg = Debug|Any CPU
		{62F83C54-D9B8-4976-8D13-710CF46D146E}.Debug|Any CPU.Build.0 = Debug|Any CPU
		{62F83C54-D9B8-4976-8D13-710CF46D146E}.Release|Any CPU.ActiveCfg = Release|Any CPU
		{62F83C54-D9B8-4976-8D13-710CF46D146E}.Release|Any CPU.Build.0 = Release|Any CPU
		{95782AC6-323D-4F3C-962F-D33FD244901B}.Debug|Any CPU.ActiveCfg = Debug|Any CPU
		{95782AC6-323D-4F3C-962F-D33FD244901B}.Debug|Any CPU.Build.0 = Debug|Any CPU
		{95782AC6-323D-4F3C-962F-D33FD244901B}.Release|Any CPU.ActiveCfg = Release|Any CPU
		{95782AC6-323D-4F3C-962F-D33FD244901B}.Release|Any CPU.Build.0 = Release|Any CPU
		{A10B2E02-2124-4702-8A94-16A935DBAF16}.Debug|Any CPU.ActiveCfg = Debug|Any CPU
		{A10B2E02-2124-4702-8A94-16A935DBAF16}.Debug|Any CPU.Build.0 = Debug|Any CPU
		{A10B2E02-2124-4702-8A94-16A935DBAF16}.Release|Any CPU.ActiveCfg = Release|Any CPU
		{A10B2E02-2124-4702-8A94-16A935DBAF16}.Release|Any CPU.Build.0 = Release|Any CPU
	EndGlobalSection
	GlobalSection(SolutionProperties) = preSolution
		HideSolutionNode = FALSE
	EndGlobalSection
	GlobalSection(ExtensibilityGlobals) = postSolution
		SolutionGuid = {59F7A8DF-9567-4AE6-B156-FDD4A3E2A58E}
	EndGlobalSection
EndGlobal
